
Microsoft Visual Studio Solution File, Format Version 12.00
# Visual Studio Version 17
VisualStudioVersion = 17.2.32630.192
MinimumVisualStudioVersion = 10.0.40219.1
Project("{9A19103F-16F7-4668-BE54-9A1E7A4F7556}") = "R5T.F0091.Construction", "R5T.F0091.Construction\R5T.F0091.Construction.csproj", "{F3C0A7E3-7F47-4BAD-BC12-8E406EA12899}"
EndProject
Project("{9A19103F-16F7-4668-BE54-9A1E7A4F7556}") = "R5T.F0091", "R5T.F0091\R5T.F0091.csproj", "{3B1FBF5B-D75F-43DB-97DE-31E33BA4066B}"
EndProject
Project("{2150E333-8FDC-42A3-9474-1A3956D46DE8}") = "_Dependencies", "_Dependencies", "{04723709-9D54-4C79-8894-5376F979AD7F}"
EndProject
Project("{9A19103F-16F7-4668-BE54-9A1E7A4F7556}") = "R5T.F0000", "..\..\R5T.F0000\source\R5T.F0000\R5T.F0000.csproj", "{066721CC-FB91-4689-ACF5-BEBDD2469D65}"
EndProject
Project("{9A19103F-16F7-4668-BE54-9A1E7A4F7556}") = "R5T.F0002", "..\..\R5T.F0002\source\R5T.F0002\R5T.F0002.csproj", "{60BCD5F0-5933-4AD3-8087-AD65C0DB58AF}"
EndProject
Project("{9A19103F-16F7-4668-BE54-9A1E7A4F7556}") = "R5T.L0053", "..\..\R5T.L0053\source\R5T.L0053\R5T.L0053.csproj", "{5D4BC601-B68E-43FB-9B23-56B49012D922}"
EndProject
Project("{9A19103F-16F7-4668-BE54-9A1E7A4F7556}") = "R5T.L0066", "..\..\R5T.L0066\source\R5T.L0066\R5T.L0066.csproj", "{C38136EE-7295-4106-945D-505A14C980A2}"
EndProject
Project("{9A19103F-16F7-4668-BE54-9A1E7A4F7556}") = "R5T.T0131", "..\..\R5T.T0131\source\R5T.T0131\R5T.T0131.csproj", "{DF3B1539-90EB-4A33-B33D-61686E1B94B6}"
EndProject
Project("{9A19103F-16F7-4668-BE54-9A1E7A4F7556}") = "R5T.T0132", "..\..\R5T.T0132\source\R5T.T0132\R5T.T0132.csproj", "{74924AFA-98BF-40E4-8829-505A3749BB90}"
EndProject
Project("{9A19103F-16F7-4668-BE54-9A1E7A4F7556}") = "R5T.T0142", "..\..\R5T.T0142\source\R5T.T0142\R5T.T0142.csproj", "{308FE0DC-EF77-41F0-973E-4391D410C039}"
EndProject
Project("{9A19103F-16F7-4668-BE54-9A1E7A4F7556}") = "R5T.T0143", "..\..\R5T.T0143\source\R5T.T0143\R5T.T0143.csproj", "{56B5F8E3-84EE-4B62-99A2-44DEEA3491D6}"
EndProject
Project("{9A19103F-16F7-4668-BE54-9A1E7A4F7556}") = "R5T.T0156", "..\..\R5T.T0156\source\R5T.T0156\R5T.T0156.csproj", "{3089156E-1DA3-4BCE-B319-F89BC52F2CF8}"
EndProject
Project("{9A19103F-16F7-4668-BE54-9A1E7A4F7556}") = "R5T.T0221", "..\..\R5T.T0221\source\R5T.T0221\R5T.T0221.csproj", "{53B6BA9D-2C70-41A1-9A11-344102592328}"
EndProject
Project("{9A19103F-16F7-4668-BE54-9A1E7A4F7556}") = "R5T.Y0000", "..\..\R5T.Y0000\source\R5T.Y0000\R5T.Y0000.csproj", "{1F629A3F-86B7-4E33-B7CC-2CC46FF1B40E}"
EndProject
Project("{9A19103F-16F7-4668-BE54-9A1E7A4F7556}") = "R5T.Y0006", "..\..\R5T.Y0006\source\R5T.Y0006\R5T.Y0006.csproj", "{5D520751-E04B-4B99-B99C-EAF73D3E8887}"
EndProject
Project("{9A19103F-16F7-4668-BE54-9A1E7A4F7556}") = "R5T.Z0000", "..\..\R5T.Z0000\source\R5T.Z0000\R5T.Z0000.csproj", "{E4B534F6-E657-47C3-847D-F401BCFD60D6}"
EndProject
Project("{9A19103F-16F7-4668-BE54-9A1E7A4F7556}") = "R5T.Z0010.Platform", "..\..\R5T.Z0010\source\R5T.Z0010.Platform\R5T.Z0010.Platform.csproj", "{7F0A25DE-7DCE-42F8-B6DC-213834ECAE6E}"
EndProject
Project("{9A19103F-16F7-4668-BE54-9A1E7A4F7556}") = "F10Y.L0000", "..\..\..\Functionairy\F10Y.L0000\source\F10Y.L0000\F10Y.L0000.csproj", "{FA01A7CA-288F-4076-A61F-6BD343993E68}"
EndProject
Project("{9A19103F-16F7-4668-BE54-9A1E7A4F7556}") = "F10Y.T0000", "..\..\..\Functionairy\F10Y.T0000\source\F10Y.T0000\F10Y.T0000.csproj", "{3AE0FE65-71C1-40BF-86CE-1241586791B6}"
EndProject
Project("{9A19103F-16F7-4668-BE54-9A1E7A4F7556}") = "F10Y.T0001", "..\..\..\Functionairy\F10Y.T0001\source\F10Y.T0001\F10Y.T0001.csproj", "{67FEFFAF-10D1-4518-9409-49ABB7FCA9BA}"
EndProject
Project("{9A19103F-16F7-4668-BE54-9A1E7A4F7556}") = "F10Y.T0002", "..\..\..\Functionairy\F10Y.T0002\source\F10Y.T0002\F10Y.T0002.csproj", "{AC4B0746-A315-4134-9098-2BE8366157AD}"
EndProject
Project("{9A19103F-16F7-4668-BE54-9A1E7A4F7556}") = "F10Y.T0003", "..\..\..\Functionairy\F10Y.T0003\source\F10Y.T0003\F10Y.T0003.csproj", "{084103D6-6036-4DFC-92FD-443E4ECEFCCE}"
EndProject
Project("{9A19103F-16F7-4668-BE54-9A1E7A4F7556}") = "F10Y.T0004", "..\..\..\Functionairy\F10Y.T0004\source\F10Y.T0004\F10Y.T0004.csproj", "{13C5FE76-7B67-4D63-AB17-CCA2D4D8A157}"
EndProject
Project("{9A19103F-16F7-4668-BE54-9A1E7A4F7556}") = "F10Y.T0011", "..\..\..\Functionairy\F10Y.T0011\source\F10Y.T0011\F10Y.T0011.csproj", "{0DCE586E-3368-4D77-BB34-0CD4546CC6C0}"
EndProject
Project("{9A19103F-16F7-4668-BE54-9A1E7A4F7556}") = "F10Y.Y0000", "..\..\..\Functionairy\F10Y.Y0000\source\F10Y.Y0000\F10Y.Y0000.csproj", "{D67E2FFA-5B41-4221-B6A9-2A07E99DC9F8}"
EndProject
Project("{9A19103F-16F7-4668-BE54-9A1E7A4F7556}") = "R5T.L0071", "..\..\R5T.L0071\source\R5T.L0071\R5T.L0071.csproj", "{A12A5C5B-6598-4E3E-9288-C62BFC4DA79A}"
EndProject
Project("{9A19103F-16F7-4668-BE54-9A1E7A4F7556}") = "R5T.L0089.F000", "..\..\R5T.L0089\source\R5T.L0089.F000\R5T.L0089.F000.csproj", "{F15FFB04-3619-4D6A-82E0-B3A39472BBFA}"
EndProject
Project("{9A19103F-16F7-4668-BE54-9A1E7A4F7556}") = "R5T.L0089.T000", "..\..\R5T.L0089\source\R5T.L0089.T000\R5T.L0089.T000.csproj", "{AB4A992F-795B-4573-8BBE-116546E26748}"
EndProject
Project("{9A19103F-16F7-4668-BE54-9A1E7A4F7556}") = "R5T.L0089", "..\..\R5T.L0089\source\R5T.L0089\R5T.L0089.csproj", "{3DF46250-63FF-4AC9-B7AC-C92F25102F23}"
EndProject
Project("{9A19103F-16F7-4668-BE54-9A1E7A4F7556}") = "R5T.T0241", "..\..\R5T.T0241\source\R5T.T0241\R5T.T0241.csproj", "{341623FC-5B3D-4EED-8FEC-9620E8EB6A09}"
EndProject
Project("{9A19103F-16F7-4668-BE54-9A1E7A4F7556}") = "R5T.T0251", "..\..\R5T.T0251\source\R5T.T0251\R5T.T0251.csproj", "{092EF33F-8D3A-4B3C-BD46-6A6A7164FEDE}"
EndProject
Project("{9A19103F-16F7-4668-BE54-9A1E7A4F7556}") = "R5T.Z0072.Z000", "..\..\R5T.Z0072\source\R5T.Z0072.Z000\R5T.Z0072.Z000.csproj", "{5B0F8C17-087D-4F12-93D0-E8D8768D3BC2}"
EndProject
Project("{9A19103F-16F7-4668-BE54-9A1E7A4F7556}") = "R5T.Z0072.Z002", "..\..\R5T.Z0072\source\R5T.Z0072.Z002\R5T.Z0072.Z002.csproj", "{643ED51A-E7A9-47CC-AB63-2223ED1A93EB}"
EndProject
Global
	GlobalSection(NestedProjects) = preSolution
		{066721CC-FB91-4689-ACF5-BEBDD2469D65} = {04723709-9D54-4C79-8894-5376F979AD7F}
		{60BCD5F0-5933-4AD3-8087-AD65C0DB58AF} = {04723709-9D54-4C79-8894-5376F979AD7F}
		{5D4BC601-B68E-43FB-9B23-56B49012D922} = {04723709-9D54-4C79-8894-5376F979AD7F}
		{C38136EE-7295-4106-945D-505A14C980A2} = {04723709-9D54-4C79-8894-5376F979AD7F}
		{DF3B1539-90EB-4A33-B33D-61686E1B94B6} = {04723709-9D54-4C79-8894-5376F979AD7F}
		{74924AFA-98BF-40E4-8829-505A3749BB90} = {04723709-9D54-4C79-8894-5376F979AD7F}
		{308FE0DC-EF77-41F0-973E-4391D410C039} = {04723709-9D54-4C79-8894-5376F979AD7F}
		{56B5F8E3-84EE-4B62-99A2-44DEEA3491D6} = {04723709-9D54-4C79-8894-5376F979AD7F}
		{3089156E-1DA3-4BCE-B319-F89BC52F2CF8} = {04723709-9D54-4C79-8894-5376F979AD7F}
		{53B6BA9D-2C70-41A1-9A11-344102592328} = {04723709-9D54-4C79-8894-5376F979AD7F}
		{1F629A3F-86B7-4E33-B7CC-2CC46FF1B40E} = {04723709-9D54-4C79-8894-5376F979AD7F}
		{5D520751-E04B-4B99-B99C-EAF73D3E8887} = {04723709-9D54-4C79-8894-5376F979AD7F}
		{E4B534F6-E657-47C3-847D-F401BCFD60D6} = {04723709-9D54-4C79-8894-5376F979AD7F}
		{7F0A25DE-7DCE-42F8-B6DC-213834ECAE6E} = {04723709-9D54-4C79-8894-5376F979AD7F}
		{FA01A7CA-288F-4076-A61F-6BD343993E68} = {04723709-9D54-4C79-8894-5376F979AD7F}
		{3AE0FE65-71C1-40BF-86CE-1241586791B6} = {04723709-9D54-4C79-8894-5376F979AD7F}
		{67FEFFAF-10D1-4518-9409-49ABB7FCA9BA} = {04723709-9D54-4C79-8894-5376F979AD7F}
		{AC4B0746-A315-4134-9098-2BE8366157AD} = {04723709-9D54-4C79-8894-5376F979AD7F}
		{084103D6-6036-4DFC-92FD-443E4ECEFCCE} = {04723709-9D54-4C79-8894-5376F979AD7F}
		{13C5FE76-7B67-4D63-AB17-CCA2D4D8A157} = {04723709-9D54-4C79-8894-5376F979AD7F}
		{0DCE586E-3368-4D77-BB34-0CD4546CC6C0} = {04723709-9D54-4C79-8894-5376F979AD7F}
		{D67E2FFA-5B41-4221-B6A9-2A07E99DC9F8} = {04723709-9D54-4C79-8894-5376F979AD7F}
		{A12A5C5B-6598-4E3E-9288-C62BFC4DA79A} = {04723709-9D54-4C79-8894-5376F979AD7F}
		{F15FFB04-3619-4D6A-82E0-B3A39472BBFA} = {04723709-9D54-4C79-8894-5376F979AD7F}
		{AB4A992F-795B-4573-8BBE-116546E26748} = {04723709-9D54-4C79-8894-5376F979AD7F}
		{3DF46250-63FF-4AC9-B7AC-C92F25102F23} = {04723709-9D54-4C79-8894-5376F979AD7F}
		{341623FC-5B3D-4EED-8FEC-9620E8EB6A09} = {04723709-9D54-4C79-8894-5376F979AD7F}
		{092EF33F-8D3A-4B3C-BD46-6A6A7164FEDE} = {04723709-9D54-4C79-8894-5376F979AD7F}
		{5B0F8C17-087D-4F12-93D0-E8D8768D3BC2} = {04723709-9D54-4C79-8894-5376F979AD7F}
		{643ED51A-E7A9-47CC-AB63-2223ED1A93EB} = {04723709-9D54-4C79-8894-5376F979AD7F}
	EndGlobalSection
	GlobalSection(SolutionConfigurationPlatforms) = preSolution
		Debug|Any CPU = Debug|Any CPU
		Release|Any CPU = Release|Any CPU
	EndGlobalSection
	GlobalSection(ProjectConfigurationPlatforms) = postSolution
		{F3C0A7E3-7F47-4BAD-BC12-8E406EA12899}.Debug|Any CPU.ActiveCfg = Debug|Any CPU
		{F3C0A7E3-7F47-4BAD-BC12-8E406EA12899}.Debug|Any CPU.Build.0 = Debug|Any CPU
		{F3C0A7E3-7F47-4BAD-BC12-8E406EA12899}.Release|Any CPU.ActiveCfg = Release|Any CPU
		{F3C0A7E3-7F47-4BAD-BC12-8E406EA12899}.Release|Any CPU.Build.0 = Release|Any CPU
		{3B1FBF5B-D75F-43DB-97DE-31E33BA4066B}.Debug|Any CPU.ActiveCfg = Debug|Any CPU
		{3B1FBF5B-D75F-43DB-97DE-31E33BA4066B}.Debug|Any CPU.Build.0 = Debug|Any CPU
		{3B1FBF5B-D75F-43DB-97DE-31E33BA4066B}.Release|Any CPU.ActiveCfg = Release|Any CPU
		{3B1FBF5B-D75F-43DB-97DE-31E33BA4066B}.Release|Any CPU.Build.0 = Release|Any CPU
		{066721CC-FB91-4689-ACF5-BEBDD2469D65}.Debug|Any CPU.ActiveCfg = Debug|Any CPU
		{066721CC-FB91-4689-ACF5-BEBDD2469D65}.Debug|Any CPU.Build.0 = Debug|Any CPU
		{066721CC-FB91-4689-ACF5-BEBDD2469D65}.Release|Any CPU.ActiveCfg = Release|Any CPU
		{066721CC-FB91-4689-ACF5-BEBDD2469D65}.Release|Any CPU.Build.0 = Release|Any CPU
		{60BCD5F0-5933-4AD3-8087-AD65C0DB58AF}.Debug|Any CPU.ActiveCfg = Debug|Any CPU
		{60BCD5F0-5933-4AD3-8087-AD65C0DB58AF}.Debug|Any CPU.Build.0 = Debug|Any CPU
		{60BCD5F0-5933-4AD3-8087-AD65C0DB58AF}.Release|Any CPU.ActiveCfg = Release|Any CPU
		{60BCD5F0-5933-4AD3-8087-AD65C0DB58AF}.Release|Any CPU.Build.0 = Release|Any CPU
		{5D4BC601-B68E-43FB-9B23-56B49012D922}.Debug|Any CPU.ActiveCfg = Debug|Any CPU
		{5D4BC601-B68E-43FB-9B23-56B49012D922}.Debug|Any CPU.Build.0 = Debug|Any CPU
		{5D4BC601-B68E-43FB-9B23-56B49012D922}.Release|Any CPU.ActiveCfg = Release|Any CPU
		{5D4BC601-B68E-43FB-9B23-56B49012D922}.Release|Any CPU.Build.0 = Release|Any CPU
		{C38136EE-7295-4106-945D-505A14C980A2}.Debug|Any CPU.ActiveCfg = Debug|Any CPU
		{C38136EE-7295-4106-945D-505A14C980A2}.Debug|Any CPU.Build.0 = Debug|Any CPU
		{C38136EE-7295-4106-945D-505A14C980A2}.Release|Any CPU.ActiveCfg = Release|Any CPU
		{C38136EE-7295-4106-945D-505A14C980A2}.Release|Any CPU.Build.0 = Release|Any CPU
		{DF3B1539-90EB-4A33-B33D-61686E1B94B6}.Debug|Any CPU.ActiveCfg = Debug|Any CPU
		{DF3B1539-90EB-4A33-B33D-61686E1B94B6}.Debug|Any CPU.Build.0 = Debug|Any CPU
		{DF3B1539-90EB-4A33-B33D-61686E1B94B6}.Release|Any CPU.ActiveCfg = Release|Any CPU
		{DF3B1539-90EB-4A33-B33D-61686E1B94B6}.Release|Any CPU.Build.0 = Release|Any CPU
		{74924AFA-98BF-40E4-8829-505A3749BB90}.Debug|Any CPU.ActiveCfg = Debug|Any CPU
		{74924AFA-98BF-40E4-8829-505A3749BB90}.Debug|Any CPU.Build.0 = Debug|Any CPU
		{74924AFA-98BF-40E4-8829-505A3749BB90}.Release|Any CPU.ActiveCfg = Release|Any CPU
		{74924AFA-98BF-40E4-8829-505A3749BB90}.Release|Any CPU.Build.0 = Release|Any CPU
		{308FE0DC-EF77-41F0-973E-4391D410C039}.Debug|Any CPU.ActiveCfg = Debug|Any CPU
		{308FE0DC-EF77-41F0-973E-4391D410C039}.Debug|Any CPU.Build.0 = Debug|Any CPU
		{308FE0DC-EF77-41F0-973E-4391D410C039}.Release|Any CPU.ActiveCfg = Release|Any CPU
		{308FE0DC-EF77-41F0-973E-4391D410C039}.Release|Any CPU.Build.0 = Release|Any CPU
		{56B5F8E3-84EE-4B62-99A2-44DEEA3491D6}.Debug|Any CPU.ActiveCfg = Debug|Any CPU
		{56B5F8E3-84EE-4B62-99A2-44DEEA3491D6}.Debug|Any CPU.Build.0 = Debug|Any CPU
		{56B5F8E3-84EE-4B62-99A2-44DEEA3491D6}.Release|Any CPU.ActiveCfg = Release|Any CPU
		{56B5F8E3-84EE-4B62-99A2-44DEEA3491D6}.Release|Any CPU.Build.0 = Release|Any CPU
		{3089156E-1DA3-4BCE-B319-F89BC52F2CF8}.Debug|Any CPU.ActiveCfg = Debug|Any CPU
		{3089156E-1DA3-4BCE-B319-F89BC52F2CF8}.Debug|Any CPU.Build.0 = Debug|Any CPU
		{3089156E-1DA3-4BCE-B319-F89BC52F2CF8}.Release|Any CPU.ActiveCfg = Release|Any CPU
		{3089156E-1DA3-4BCE-B319-F89BC52F2CF8}.Release|Any CPU.Build.0 = Release|Any CPU
		{53B6BA9D-2C70-41A1-9A11-344102592328}.Debug|Any CPU.ActiveCfg = Debug|Any CPU
		{53B6BA9D-2C70-41A1-9A11-344102592328}.Debug|Any CPU.Build.0 = Debug|Any CPU
		{53B6BA9D-2C70-41A1-9A11-344102592328}.Release|Any CPU.ActiveCfg = Release|Any CPU
		{53B6BA9D-2C70-41A1-9A11-344102592328}.Release|Any CPU.Build.0 = Release|Any CPU
		{1F629A3F-86B7-4E33-B7CC-2CC46FF1B40E}.Debug|Any CPU.ActiveCfg = Debug|Any CPU
		{1F629A3F-86B7-4E33-B7CC-2CC46FF1B40E}.Debug|Any CPU.Build.0 = Debug|Any CPU
		{1F629A3F-86B7-4E33-B7CC-2CC46FF1B40E}.Release|Any CPU.ActiveCfg = Release|Any CPU
		{1F629A3F-86B7-4E33-B7CC-2CC46FF1B40E}.Release|Any CPU.Build.0 = Release|Any CPU
		{5D520751-E04B-4B99-B99C-EAF73D3E8887}.Debug|Any CPU.ActiveCfg = Debug|Any CPU
		{5D520751-E04B-4B99-B99C-EAF73D3E8887}.Debug|Any CPU.Build.0 = Debug|Any CPU
		{5D520751-E04B-4B99-B99C-EAF73D3E8887}.Release|Any CPU.ActiveCfg = Release|Any CPU
		{5D520751-E04B-4B99-B99C-EAF73D3E8887}.Release|Any CPU.Build.0 = Release|Any CPU
		{E4B534F6-E657-47C3-847D-F401BCFD60D6}.Debug|Any CPU.ActiveCfg = Debug|Any CPU
		{E4B534F6-E657-47C3-847D-F401BCFD60D6}.Debug|Any CPU.Build.0 = Debug|Any CPU
		{E4B534F6-E657-47C3-847D-F401BCFD60D6}.Release|Any CPU.ActiveCfg = Release|Any CPU
		{E4B534F6-E657-47C3-847D-F401BCFD60D6}.Release|Any CPU.Build.0 = Release|Any CPU
		{7F0A25DE-7DCE-42F8-B6DC-213834ECAE6E}.Debug|Any CPU.ActiveCfg = Debug|Any CPU
		{7F0A25DE-7DCE-42F8-B6DC-213834ECAE6E}.Debug|Any CPU.Build.0 = Debug|Any CPU
		{7F0A25DE-7DCE-42F8-B6DC-213834ECAE6E}.Release|Any CPU.ActiveCfg = Release|Any CPU
		{7F0A25DE-7DCE-42F8-B6DC-213834ECAE6E}.Release|Any CPU.Build.0 = Release|Any CPU
		{FA01A7CA-288F-4076-A61F-6BD343993E68}.Debug|Any CPU.ActiveCfg = Debug|Any CPU
		{FA01A7CA-288F-4076-A61F-6BD343993E68}.Debug|Any CPU.Build.0 = Debug|Any CPU
		{FA01A7CA-288F-4076-A61F-6BD343993E68}.Release|Any CPU.ActiveCfg = Release|Any CPU
		{FA01A7CA-288F-4076-A61F-6BD343993E68}.Release|Any CPU.Build.0 = Release|Any CPU
		{3AE0FE65-71C1-40BF-86CE-1241586791B6}.Debug|Any CPU.ActiveCfg = Debug|Any CPU
		{3AE0FE65-71C1-40BF-86CE-1241586791B6}.Debug|Any CPU.Build.0 = Debug|Any CPU
		{3AE0FE65-71C1-40BF-86CE-1241586791B6}.Release|Any CPU.ActiveCfg = Release|Any CPU
		{3AE0FE65-71C1-40BF-86CE-1241586791B6}.Release|Any CPU.Build.0 = Release|Any CPU
		{67FEFFAF-10D1-4518-9409-49ABB7FCA9BA}.Debug|Any CPU.ActiveCfg = Debug|Any CPU
		{67FEFFAF-10D1-4518-9409-49ABB7FCA9BA}.Debug|Any CPU.Build.0 = Debug|Any CPU
		{67FEFFAF-10D1-4518-9409-49ABB7FCA9BA}.Release|Any CPU.ActiveCfg = Release|Any CPU
		{67FEFFAF-10D1-4518-9409-49ABB7FCA9BA}.Release|Any CPU.Build.0 = Release|Any CPU
		{AC4B0746-A315-4134-9098-2BE8366157AD}.Debug|Any CPU.ActiveCfg = Debug|Any CPU
		{AC4B0746-A315-4134-9098-2BE8366157AD}.Debug|Any CPU.Build.0 = Debug|Any CPU
		{AC4B0746-A315-4134-9098-2BE8366157AD}.Release|Any CPU.ActiveCfg = Release|Any CPU
		{AC4B0746-A315-4134-9098-2BE8366157AD}.Release|Any CPU.Build.0 = Release|Any CPU
		{084103D6-6036-4DFC-92FD-443E4ECEFCCE}.Debug|Any CPU.ActiveCfg = Debug|Any CPU
		{084103D6-6036-4DFC-92FD-443E4ECEFCCE}.Debug|Any CPU.Build.0 = Debug|Any CPU
		{084103D6-6036-4DFC-92FD-443E4ECEFCCE}.Release|Any CPU.ActiveCfg = Release|Any CPU
		{084103D6-6036-4DFC-92FD-443E4ECEFCCE}.Release|Any CPU.Build.0 = Release|Any CPU
		{13C5FE76-7B67-4D63-AB17-CCA2D4D8A157}.Debug|Any CPU.ActiveCfg = Debug|Any CPU
		{13C5FE76-7B67-4D63-AB17-CCA2D4D8A157}.Debug|Any CPU.Build.0 = Debug|Any CPU
		{13C5FE76-7B67-4D63-AB17-CCA2D4D8A157}.Release|Any CPU.ActiveCfg = Release|Any CPU
		{13C5FE76-7B67-4D63-AB17-CCA2D4D8A157}.Release|Any CPU.Build.0 = Release|Any CPU
		{0DCE586E-3368-4D77-BB34-0CD4546CC6C0}.Debug|Any CPU.ActiveCfg = Debug|Any CPU
		{0DCE586E-3368-4D77-BB34-0CD4546CC6C0}.Debug|Any CPU.Build.0 = Debug|Any CPU
		{0DCE586E-3368-4D77-BB34-0CD4546CC6C0}.Release|Any CPU.ActiveCfg = Release|Any CPU
		{0DCE586E-3368-4D77-BB34-0CD4546CC6C0}.Release|Any CPU.Build.0 = Release|Any CPU
		{D67E2FFA-5B41-4221-B6A9-2A07E99DC9F8}.Debug|Any CPU.ActiveCfg = Debug|Any CPU
		{D67E2FFA-5B41-4221-B6A9-2A07E99DC9F8}.Debug|Any CPU.Build.0 = Debug|Any CPU
		{D67E2FFA-5B41-4221-B6A9-2A07E99DC9F8}.Release|Any CPU.ActiveCfg = Release|Any CPU
		{D67E2FFA-5B41-4221-B6A9-2A07E99DC9F8}.Release|Any CPU.Build.0 = Release|Any CPU
		{A12A5C5B-6598-4E3E-9288-C62BFC4DA79A}.Debug|Any CPU.ActiveCfg = Debug|Any CPU
		{A12A5C5B-6598-4E3E-9288-C62BFC4DA79A}.Debug|Any CPU.Build.0 = Debug|Any CPU
		{A12A5C5B-6598-4E3E-9288-C62BFC4DA79A}.Release|Any CPU.ActiveCfg = Release|Any CPU
		{A12A5C5B-6598-4E3E-9288-C62BFC4DA79A}.Release|Any CPU.Build.0 = Release|Any CPU
		{F15FFB04-3619-4D6A-82E0-B3A39472BBFA}.Debug|Any CPU.ActiveCfg = Debug|Any CPU
		{F15FFB04-3619-4D6A-82E0-B3A39472BBFA}.Debug|Any CPU.Build.0 = Debug|Any CPU
		{F15FFB04-3619-4D6A-82E0-B3A39472BBFA}.Release|Any CPU.ActiveCfg = Release|Any CPU
		{F15FFB04-3619-4D6A-82E0-B3A39472BBFA}.Release|Any CPU.Build.0 = Release|Any CPU
		{AB4A992F-795B-4573-8BBE-116546E26748}.Debug|Any CPU.ActiveCfg = Debug|Any CPU
		{AB4A992F-795B-4573-8BBE-116546E26748}.Debug|Any CPU.Build.0 = Debug|Any CPU
		{AB4A992F-795B-4573-8BBE-116546E26748}.Release|Any CPU.ActiveCfg = Release|Any CPU
		{AB4A992F-795B-4573-8BBE-116546E26748}.Release|Any CPU.Build.0 = Release|Any CPU
		{3DF46250-63FF-4AC9-B7AC-C92F25102F23}.Debug|Any CPU.ActiveCfg = Debug|Any CPU
		{3DF46250-63FF-4AC9-B7AC-C92F25102F23}.Debug|Any CPU.Build.0 = Debug|Any CPU
		{3DF46250-63FF-4AC9-B7AC-C92F25102F23}.Release|Any CPU.ActiveCfg = Release|Any CPU
		{3DF46250-63FF-4AC9-B7AC-C92F25102F23}.Release|Any CPU.Build.0 = Release|Any CPU
		{341623FC-5B3D-4EED-8FEC-9620E8EB6A09}.Debug|Any CPU.ActiveCfg = Debug|Any CPU
		{341623FC-5B3D-4EED-8FEC-9620E8EB6A09}.Debug|Any CPU.Build.0 = Debug|Any CPU
		{341623FC-5B3D-4EED-8FEC-9620E8EB6A09}.Release|Any CPU.ActiveCfg = Release|Any CPU
		{341623FC-5B3D-4EED-8FEC-9620E8EB6A09}.Release|Any CPU.Build.0 = Release|Any CPU
		{092EF33F-8D3A-4B3C-BD46-6A6A7164FEDE}.Debug|Any CPU.ActiveCfg = Debug|Any CPU
		{092EF33F-8D3A-4B3C-BD46-6A6A7164FEDE}.Debug|Any CPU.Build.0 = Debug|Any CPU
		{092EF33F-8D3A-4B3C-BD46-6A6A7164FEDE}.Release|Any CPU.ActiveCfg = Release|Any CPU
		{092EF33F-8D3A-4B3C-BD46-6A6A7164FEDE}.Release|Any CPU.Build.0 = Release|Any CPU
		{5B0F8C17-087D-4F12-93D0-E8D8768D3BC2}.Debug|Any CPU.ActiveCfg = Debug|Any CPU
		{5B0F8C17-087D-4F12-93D0-E8D8768D3BC2}.Debug|Any CPU.Build.0 = Debug|Any CPU
		{5B0F8C17-087D-4F12-93D0-E8D8768D3BC2}.Release|Any CPU.ActiveCfg = Release|Any CPU
		{5B0F8C17-087D-4F12-93D0-E8D8768D3BC2}.Release|Any CPU.Build.0 = Release|Any CPU
		{643ED51A-E7A9-47CC-AB63-2223ED1A93EB}.Debug|Any CPU.ActiveCfg = Debug|Any CPU
		{643ED51A-E7A9-47CC-AB63-2223ED1A93EB}.Debug|Any CPU.Build.0 = Debug|Any CPU
		{643ED51A-E7A9-47CC-AB63-2223ED1A93EB}.Release|Any CPU.ActiveCfg = Release|Any CPU
		{643ED51A-E7A9-47CC-AB63-2223ED1A93EB}.Release|Any CPU.Build.0 = Release|Any CPU
	EndGlobalSection
	GlobalSection(SolutionProperties) = preSolution
		HideSolutionNode = FALSE
	EndGlobalSection
	GlobalSection(ExtensibilityGlobals) = postSolution
		SolutionGuid = {4BB04CFE-D71C-4616-804C-3ECCCF11CF16}
	EndGlobalSection
EndGlobal
