
Microsoft Visual Studio Solution File, Format Version 12.00
# Visual Studio Version 17
VisualStudioVersion = 17.2.32630.192
MinimumVisualStudioVersion = 10.0.40219.1
Project("{9A19103F-16F7-4668-BE54-9A1E7A4F7556}") = "R5T.F0091.Construction", "R5T.F0091.Construction\R5T.F0091.Construction.csproj", "{F3C0A7E3-7F47-4BAD-BC12-8E406EA12899}"
EndProject
Project("{9A19103F-16F7-4668-BE54-9A1E7A4F7556}") = "R5T.F0091", "R5T.F0091\R5T.F0091.csproj", "{3B1FBF5B-D75F-43DB-97DE-31E33BA4066B}"
EndProject
Project("{2150E333-8FDC-42A3-9474-1A3956D46DE8}") = "_Dependencies", "_Dependencies", "{04723709-9D54-4C79-8894-5376F979AD7F}"
EndProject
Project("{9A19103F-16F7-4668-BE54-9A1E7A4F7556}") = "R5T.F0000", "..\..\R5T.F0000\source\R5T.F0000\R5T.F0000.csproj", "{066721CC-FB91-4689-ACF5-BEBDD2469D65}"
EndProject
Project("{9A19103F-16F7-4668-BE54-9A1E7A4F7556}") = "R5T.F0002", "..\..\R5T.F0002\source\R5T.F0002\R5T.F0002.csproj", "{60BCD5F0-5933-4AD3-8087-AD65C0DB58AF}"
EndProject
Project("{9A19103F-16F7-4668-BE54-9A1E7A4F7556}") = "R5T.L0053", "..\..\R5T.L0053\source\R5T.L0053\R5T.L0053.csproj", "{5D4BC601-B68E-43FB-9B23-56B49012D922}"
EndProject
Project("{9A19103F-16F7-4668-BE54-9A1E7A4F7556}") = "R5T.L0066", "..\..\R5T.L0066\source\R5T.L0066\R5T.L0066.csproj", "{C38136EE-7295-4106-945D-505A14C980A2}"
EndProject
Project("{9A19103F-16F7-4668-BE54-9A1E7A4F7556}") = "R5T.T0131", "..\..\R5T.T0131\source\R5T.T0131\R5T.T0131.csproj", "{DF3B1539-90EB-4A33-B33D-61686E1B94B6}"
EndProject
Project("{9A19103F-16F7-4668-BE54-9A1E7A4F7556}") = "R5T.T0132", "..\..\R5T.T0132\source\R5T.T0132\R5T.T0132.csproj", "{74924AFA-98BF-40E4-8829-505A3749BB90}"
EndProject
Project("{9A19103F-16F7-4668-BE54-9A1E7A4F7556}") = "R5T.T0142", "..\..\R5T.T0142\source\R5T.T0142\R5T.T0142.csproj", "{308FE0DC-EF77-41F0-973E-4391D410C039}"
EndProject
Project("{9A19103F-16F7-4668-BE54-9A1E7A4F7556}") = "R5T.T0143", "..\..\R5T.T0143\source\R5T.T0143\R5T.T0143.csproj", "{56B5F8E3-84EE-4B62-99A2-44DEEA3491D6}"
EndProject
Project("{9A19103F-16F7-4668-BE54-9A1E7A4F7556}") = "R5T.T0156", "..\..\R5T.T0156\source\R5T.T0156\R5T.T0156.csproj", "{3089156E-1DA3-4BCE-B319-F89BC52F2CF8}"
EndProject
Project("{9A19103F-16F7-4668-BE54-9A1E7A4F7556}") = "R5T.T0221", "..\..\R5T.T0221\source\R5T.T0221\R5T.T0221.csproj", "{53B6BA9D-2C70-41A1-9A11-344102592328}"
EndProject
Project("{9A19103F-16F7-4668-BE54-9A1E7A4F7556}") = "R5T.Y0000", "..\..\R5T.Y0000\source\R5T.Y0000\R5T.Y0000.csproj", "{1F629A3F-86B7-4E33-B7CC-2CC46FF1B40E}"
EndProject
Project("{9A19103F-16F7-4668-BE54-9A1E7A4F7556}") = "R5T.Y0006", "..\..\R5T.Y0006\source\R5T.Y0006\R5T.Y0006.csproj", "{5D520751-E04B-4B99-B99C-EAF73D3E8887}"
EndProject
Project("{9A19103F-16F7-4668-BE54-9A1E7A4F7556}") = "R5T.Z0000", "..\..\R5T.Z0000\source\R5T.Z0000\R5T.Z0000.csproj", "{E4B534F6-E657-47C3-847D-F401BCFD60D6}"
EndProject
Project("{9A19103F-16F7-4668-BE54-9A1E7A4F7556}") = "R5T.Z0010.Platform", "..\..\R5T.Z0010\source\R5T.Z0010.Platform\R5T.Z0010.Platform.csproj", "{7F0A25DE-7DCE-42F8-B6DC-213834ECAE6E}"
EndProject
Global
	GlobalSection(NestedProjects) = preSolution
		{066721CC-FB91-4689-ACF5-BEBDD2469D65} = {04723709-9D54-4C79-8894-5376F979AD7F}
		{60BCD5F0-5933-4AD3-8087-AD65C0DB58AF} = {04723709-9D54-4C79-8894-5376F979AD7F}
		{5D4BC601-B68E-43FB-9B23-56B49012D922} = {04723709-9D54-4C79-8894-5376F979AD7F}
		{C38136EE-7295-4106-945D-505A14C980A2} = {04723709-9D54-4C79-8894-5376F979AD7F}
		{DF3B1539-90EB-4A33-B33D-61686E1B94B6} = {04723709-9D54-4C79-8894-5376F979AD7F}
		{74924AFA-98BF-40E4-8829-505A3749BB90} = {04723709-9D54-4C79-8894-5376F979AD7F}
		{308FE0DC-EF77-41F0-973E-4391D410C039} = {04723709-9D54-4C79-8894-5376F979AD7F}
		{56B5F8E3-84EE-4B62-99A2-44DEEA3491D6} = {04723709-9D54-4C79-8894-5376F979AD7F}
		{3089156E-1DA3-4BCE-B319-F89BC52F2CF8} = {04723709-9D54-4C79-8894-5376F979AD7F}
		{53B6BA9D-2C70-41A1-9A11-344102592328} = {04723709-9D54-4C79-8894-5376F979AD7F}
		{1F629A3F-86B7-4E33-B7CC-2CC46FF1B40E} = {04723709-9D54-4C79-8894-5376F979AD7F}
		{5D520751-E04B-4B99-B99C-EAF73D3E8887} = {04723709-9D54-4C79-8894-5376F979AD7F}
		{E4B534F6-E657-47C3-847D-F401BCFD60D6} = {04723709-9D54-4C79-8894-5376F979AD7F}
		{7F0A25DE-7DCE-42F8-B6DC-213834ECAE6E} = {04723709-9D54-4C79-8894-5376F979AD7F}
	EndGlobalSection
	GlobalSection(SolutionConfigurationPlatforms) = preSolution
		Debug|Any CPU = Debug|Any CPU
		Release|Any CPU = Release|Any CPU
	EndGlobalSection
	GlobalSection(ProjectConfigurationPlatforms) = postSolution
		{F3C0A7E3-7F47-4BAD-BC12-8E406EA12899}.Debug|Any CPU.ActiveCfg = Debug|Any CPU
		{F3C0A7E3-7F47-4BAD-BC12-8E406EA12899}.Debug|Any CPU.Build.0 = Debug|Any CPU
		{F3C0A7E3-7F47-4BAD-BC12-8E406EA12899}.Release|Any CPU.ActiveCfg = Release|Any CPU
		{F3C0A7E3-7F47-4BAD-BC12-8E406EA12899}.Release|Any CPU.Build.0 = Release|Any CPU
		{3B1FBF5B-D75F-43DB-97DE-31E33BA4066B}.Debug|Any CPU.ActiveCfg = Debug|Any CPU
		{3B1FBF5B-D75F-43DB-97DE-31E33BA4066B}.Debug|Any CPU.Build.0 = Debug|Any CPU
		{3B1FBF5B-D75F-43DB-97DE-31E33BA4066B}.Release|Any CPU.ActiveCfg = Release|Any CPU
		{3B1FBF5B-D75F-43DB-97DE-31E33BA4066B}.Release|Any CPU.Build.0 = Release|Any CPU
		{066721CC-FB91-4689-ACF5-BEBDD2469D65}.Debug|Any CPU.ActiveCfg = Debug|Any CPU
		{066721CC-FB91-4689-ACF5-BEBDD2469D65}.Debug|Any CPU.Build.0 = Debug|Any CPU
		{066721CC-FB91-4689-ACF5-BEBDD2469D65}.Release|Any CPU.ActiveCfg = Release|Any CPU
		{066721CC-FB91-4689-ACF5-BEBDD2469D65}.Release|Any CPU.Build.0 = Release|Any CPU
		{60BCD5F0-5933-4AD3-8087-AD65C0DB58AF}.Debug|Any CPU.ActiveCfg = Debug|Any CPU
		{60BCD5F0-5933-4AD3-8087-AD65C0DB58AF}.Debug|Any CPU.Build.0 = Debug|Any CPU
		{60BCD5F0-5933-4AD3-8087-AD65C0DB58AF}.Release|Any CPU.ActiveCfg = Release|Any CPU
		{60BCD5F0-5933-4AD3-8087-AD65C0DB58AF}.Release|Any CPU.Build.0 = Release|Any CPU
		{5D4BC601-B68E-43FB-9B23-56B49012D922}.Debug|Any CPU.ActiveCfg = Debug|Any CPU
		{5D4BC601-B68E-43FB-9B23-56B49012D922}.Debug|Any CPU.Build.0 = Debug|Any CPU
		{5D4BC601-B68E-43FB-9B23-56B49012D922}.Release|Any CPU.ActiveCfg = Release|Any CPU
		{5D4BC601-B68E-43FB-9B23-56B49012D922}.Release|Any CPU.Build.0 = Release|Any CPU
		{C38136EE-7295-4106-945D-505A14C980A2}.Debug|Any CPU.ActiveCfg = Debug|Any CPU
		{C38136EE-7295-4106-945D-505A14C980A2}.Debug|Any CPU.Build.0 = Debug|Any CPU
		{C38136EE-7295-4106-945D-505A14C980A2}.Release|Any CPU.ActiveCfg = Release|Any CPU
		{C38136EE-7295-4106-945D-505A14C980A2}.Release|Any CPU.Build.0 = Release|Any CPU
		{DF3B1539-90EB-4A33-B33D-61686E1B94B6}.Debug|Any CPU.ActiveCfg = Debug|Any CPU
		{DF3B1539-90EB-4A33-B33D-61686E1B94B6}.Debug|Any CPU.Build.0 = Debug|Any CPU
		{DF3B1539-90EB-4A33-B33D-61686E1B94B6}.Release|Any CPU.ActiveCfg = Release|Any CPU
		{DF3B1539-90EB-4A33-B33D-61686E1B94B6}.Release|Any CPU.Build.0 = Release|Any CPU
		{74924AFA-98BF-40E4-8829-505A3749BB90}.Debug|Any CPU.ActiveCfg = Debug|Any CPU
		{74924AFA-98BF-40E4-8829-505A3749BB90}.Debug|Any CPU.Build.0 = Debug|Any CPU
		{74924AFA-98BF-40E4-8829-505A3749BB90}.Release|Any CPU.ActiveCfg = Release|Any CPU
		{74924AFA-98BF-40E4-8829-505A3749BB90}.Release|Any CPU.Build.0 = Release|Any CPU
		{308FE0DC-EF77-41F0-973E-4391D410C039}.Debug|Any CPU.ActiveCfg = Debug|Any CPU
		{308FE0DC-EF77-41F0-973E-4391D410C039}.Debug|Any CPU.Build.0 = Debug|Any CPU
		{308FE0DC-EF77-41F0-973E-4391D410C039}.Release|Any CPU.ActiveCfg = Release|Any CPU
		{308FE0DC-EF77-41F0-973E-4391D410C039}.Release|Any CPU.Build.0 = Release|Any CPU
		{56B5F8E3-84EE-4B62-99A2-44DEEA3491D6}.Debug|Any CPU.ActiveCfg = Debug|Any CPU
		{56B5F8E3-84EE-4B62-99A2-44DEEA3491D6}.Debug|Any CPU.Build.0 = Debug|Any CPU
		{56B5F8E3-84EE-4B62-99A2-44DEEA3491D6}.Release|Any CPU.ActiveCfg = Release|Any CPU
		{56B5F8E3-84EE-4B62-99A2-44DEEA3491D6}.Release|Any CPU.Build.0 = Release|Any CPU
		{3089156E-1DA3-4BCE-B319-F89BC52F2CF8}.Debug|Any CPU.ActiveCfg = Debug|Any CPU
		{3089156E-1DA3-4BCE-B319-F89BC52F2CF8}.Debug|Any CPU.Build.0 = Debug|Any CPU
		{3089156E-1DA3-4BCE-B319-F89BC52F2CF8}.Release|Any CPU.ActiveCfg = Release|Any CPU
		{3089156E-1DA3-4BCE-B319-F89BC52F2CF8}.Release|Any CPU.Build.0 = Release|Any CPU
		{53B6BA9D-2C70-41A1-9A11-344102592328}.Debug|Any CPU.ActiveCfg = Debug|Any CPU
		{53B6BA9D-2C70-41A1-9A11-344102592328}.Debug|Any CPU.Build.0 = Debug|Any CPU
		{53B6BA9D-2C70-41A1-9A11-344102592328}.Release|Any CPU.ActiveCfg = Release|Any CPU
		{53B6BA9D-2C70-41A1-9A11-344102592328}.Release|Any CPU.Build.0 = Release|Any CPU
		{1F629A3F-86B7-4E33-B7CC-2CC46FF1B40E}.Debug|Any CPU.ActiveCfg = Debug|Any CPU
		{1F629A3F-86B7-4E33-B7CC-2CC46FF1B40E}.Debug|Any CPU.Build.0 = Debug|Any CPU
		{1F629A3F-86B7-4E33-B7CC-2CC46FF1B40E}.Release|Any CPU.ActiveCfg = Release|Any CPU
		{1F629A3F-86B7-4E33-B7CC-2CC46FF1B40E}.Release|Any CPU.Build.0 = Release|Any CPU
		{5D520751-E04B-4B99-B99C-EAF73D3E8887}.Debug|Any CPU.ActiveCfg = Debug|Any CPU
		{5D520751-E04B-4B99-B99C-EAF73D3E8887}.Debug|Any CPU.Build.0 = Debug|Any CPU
		{5D520751-E04B-4B99-B99C-EAF73D3E8887}.Release|Any CPU.ActiveCfg = Release|Any CPU
		{5D520751-E04B-4B99-B99C-EAF73D3E8887}.Release|Any CPU.Build.0 = Release|Any CPU
		{E4B534F6-E657-47C3-847D-F401BCFD60D6}.Debug|Any CPU.ActiveCfg = Debug|Any CPU
		{E4B534F6-E657-47C3-847D-F401BCFD60D6}.Debug|Any CPU.Build.0 = Debug|Any CPU
		{E4B534F6-E657-47C3-847D-F401BCFD60D6}.Release|Any CPU.ActiveCfg = Release|Any CPU
		{E4B534F6-E657-47C3-847D-F401BCFD60D6}.Release|Any CPU.Build.0 = Release|Any CPU
		{7F0A25DE-7DCE-42F8-B6DC-213834ECAE6E}.Debug|Any CPU.ActiveCfg = Debug|Any CPU
		{7F0A25DE-7DCE-42F8-B6DC-213834ECAE6E}.Debug|Any CPU.Build.0 = Debug|Any CPU
		{7F0A25DE-7DCE-42F8-B6DC-213834ECAE6E}.Release|Any CPU.ActiveCfg = Release|Any CPU
		{7F0A25DE-7DCE-42F8-B6DC-213834ECAE6E}.Release|Any CPU.Build.0 = Release|Any CPU
	EndGlobalSection
	GlobalSection(SolutionProperties) = preSolution
		HideSolutionNode = FALSE
	EndGlobalSection
	GlobalSection(ExtensibilityGlobals) = postSolution
		SolutionGuid = {4BB04CFE-D71C-4616-804C-3ECCCF11CF16}
	EndGlobalSection
EndGlobal
