
Microsoft Visual Studio Solution File, Format Version 12.00
# Visual Studio Version 17
VisualStudioVersion = 17.2.32630.192
MinimumVisualStudioVersion = 10.0.40219.1
Project("{9A19103F-16F7-4668-BE54-9A1E7A4F7556}") = "R5T.F0091.Construction", "R5T.F0091.Construction\R5T.F0091.Construction.csproj", "{F3C0A7E3-7F47-4BAD-BC12-8E406EA12899}"
EndProject
Project("{9A19103F-16F7-4668-BE54-9A1E7A4F7556}") = "R5T.F0091", "R5T.F0091\R5T.F0091.csproj", "{3B1FBF5B-D75F-43DB-97DE-31E33BA4066B}"
EndProject
Global
	GlobalSection(SolutionConfigurationPlatforms) = preSolution
		Debug|Any CPU = Debug|Any CPU
		Release|Any CPU = Release|Any CPU
	EndGlobalSection
	GlobalSection(ProjectConfigurationPlatforms) = postSolution
		{F3C0A7E3-7F47-4BAD-BC12-8E406EA12899}.Debug|Any CPU.ActiveCfg = Debug|Any CPU
		{F3C0A7E3-7F47-4BAD-BC12-8E406EA12899}.Debug|Any CPU.Build.0 = Debug|Any CPU
		{F3C0A7E3-7F47-4BAD-BC12-8E406EA12899}.Release|Any CPU.ActiveCfg = Release|Any CPU
		{F3C0A7E3-7F47-4BAD-BC12-8E406EA12899}.Release|Any CPU.Build.0 = Release|Any CPU
		{3B1FBF5B-D75F-43DB-97DE-31E33BA4066B}.Debug|Any CPU.ActiveCfg = Debug|Any CPU
		{3B1FBF5B-D75F-43DB-97DE-31E33BA4066B}.Debug|Any CPU.Build.0 = Debug|Any CPU
		{3B1FBF5B-D75F-43DB-97DE-31E33BA4066B}.Release|Any CPU.ActiveCfg = Release|Any CPU
		{3B1FBF5B-D75F-43DB-97DE-31E33BA4066B}.Release|Any CPU.Build.0 = Release|Any CPU
	EndGlobalSection
	GlobalSection(SolutionProperties) = preSolution
		HideSolutionNode = FALSE
	EndGlobalSection
	GlobalSection(ExtensibilityGlobals) = postSolution
		SolutionGuid = {4BB04CFE-D71C-4616-804C-3ECCCF11CF16}
	EndGlobalSection
EndGlobal
